
Microsoft Visual Studio Solution File, Format Version 12.00
# Visual Studio 2012
# SharpDevelop 4.4
VisualStudioVersion = 14.0.22823.1
MinimumVisualStudioVersion = 10.0.40219.1
Project("{2150E333-8FDC-42A3-9474-1A3956D46DE8}") = "Samples", "Samples", "{2437C3BE-A8B4-46EE-97D7-DD59568B84EF}"
	ProjectSection(SolutionItems) = postProject
	EndProjectSection
EndProject
Project("{FAE04EC0-301F-11D3-BF4B-00C04F79EFBC}") = "Color", "Color.csproj", "{59E2469C-197F-4A4C-9D52-AA58EA49927E}"
EndProject
Project("{FAE04EC0-301F-11D3-BF4B-00C04F79EFBC}") = "Approximation", "..\..\Back Propagation\Approximation\Approximation.csproj", "{1A7BCB9F-5DD2-4C16-9969-88C31720865F}"
EndProject
Project("{FAE04EC0-301F-11D3-BF4B-00C04F79EFBC}") = "TimeSeries", "..\..\Back Propagation\TimeSeries\TimeSeries.csproj", "{2DEF9F9D-DED2-4572-881D-6E018AEE957F}"
EndProject
Project("{FAE04EC0-301F-11D3-BF4B-00C04F79EFBC}") = "XORProblem", "..\..\Back Propagation\XORProblem\XORProblem.csproj", "{527BB23D-A674-4147-B58D-DCC894737140}"
EndProject
Project("{FAE04EC0-301F-11D3-BF4B-00C04F79EFBC}") = "1LayoutClassifier", "..\..\Simple\One-Layer Perceptron Classifier\1LayoutClassifier.csproj", "{765D49C5-D157-4482-9E42-CE93D83F9AD1}"
EndProject
Project("{FAE04EC0-301F-11D3-BF4B-00C04F79EFBC}") = "PClassifier", "..\..\Simple\Perceptron Classifier\PClassifier.csproj", "{531E8C46-6FA1-4B25-AF6F-10BB9FF7326D}"
EndProject
Project("{FAE04EC0-301F-11D3-BF4B-00C04F79EFBC}") = "Classifier", "..\..\Simple\Delta Rule Learning\Classifier.csproj", "{22245733-2B6B-4BA6-B10B-016061B21DF1}"
EndProject
Project("{FAE04EC0-301F-11D3-BF4B-00C04F79EFBC}") = "2DOrganizing", "..\2DOrganizing\2DOrganizing.csproj", "{C646B987-EA7E-4D82-A930-448DE583FEB3}"
EndProject
Project("{FAE04EC0-301F-11D3-BF4B-00C04F79EFBC}") = "TSP", "..\TSP\TSP.csproj", "{6FA77B7F-E933-4B25-AC4C-99E343B35AC8}"
EndProject
Project("{F184B08F-C81C-45F6-A57F-5ABD9991F28F}") = "2DOrganizing.Converted", "..\2DOrganizing.ConvertedToVBNet\2DOrganizing.Converted.vbproj", "{F58F87A8-B318-43CE-83B7-4C3189C007F3}"
EndProject
Project("{F184B08F-C81C-45F6-A57F-5ABD9991F28F}") = "Classifier.Converted", "..\..\Simple\Delta Rule Learning.ConvertedToVBNet\Classifier.Converted.vbproj", "{D7A6F4FD-B9F4-4E47-96A4-1066351B016F}"
EndProject
Project("{FAE04EC0-301F-11D3-BF4B-00C04F79EFBC}") = "AForge.NeuralNetworks", "..\..\..\AForge.NeuralNetworks\AForge.NeuralNetworks.csproj", "{BFAF50DC-4942-46B8-8615-2A0B4CF08AD2}"
EndProject
Global
	GlobalSection(SolutionConfigurationPlatforms) = preSolution
		Debug|Any CPU = Debug|Any CPU
		Release|Any CPU = Release|Any CPU
	EndGlobalSection
	GlobalSection(ProjectConfigurationPlatforms) = postSolution
		{59E2469C-197F-4A4C-9D52-AA58EA49927E}.Debug|Any CPU.ActiveCfg = Debug|Any CPU
		{59E2469C-197F-4A4C-9D52-AA58EA49927E}.Debug|Any CPU.Build.0 = Debug|Any CPU
		{59E2469C-197F-4A4C-9D52-AA58EA49927E}.Release|Any CPU.ActiveCfg = Release|Any CPU
		{59E2469C-197F-4A4C-9D52-AA58EA49927E}.Release|Any CPU.Build.0 = Release|Any CPU
		{1A7BCB9F-5DD2-4C16-9969-88C31720865F}.Debug|Any CPU.ActiveCfg = Debug|Any CPU
		{1A7BCB9F-5DD2-4C16-9969-88C31720865F}.Debug|Any CPU.Build.0 = Debug|Any CPU
		{1A7BCB9F-5DD2-4C16-9969-88C31720865F}.Release|Any CPU.ActiveCfg = Release|Any CPU
		{1A7BCB9F-5DD2-4C16-9969-88C31720865F}.Release|Any CPU.Build.0 = Release|Any CPU
		{2DEF9F9D-DED2-4572-881D-6E018AEE957F}.Debug|Any CPU.ActiveCfg = Debug|Any CPU
		{2DEF9F9D-DED2-4572-881D-6E018AEE957F}.Debug|Any CPU.Build.0 = Debug|Any CPU
		{2DEF9F9D-DED2-4572-881D-6E018AEE957F}.Release|Any CPU.ActiveCfg = Release|Any CPU
		{2DEF9F9D-DED2-4572-881D-6E018AEE957F}.Release|Any CPU.Build.0 = Release|Any CPU
		{527BB23D-A674-4147-B58D-DCC894737140}.Debug|Any CPU.ActiveCfg = Debug|Any CPU
		{527BB23D-A674-4147-B58D-DCC894737140}.Debug|Any CPU.Build.0 = Debug|Any CPU
		{527BB23D-A674-4147-B58D-DCC894737140}.Release|Any CPU.ActiveCfg = Release|Any CPU
		{527BB23D-A674-4147-B58D-DCC894737140}.Release|Any CPU.Build.0 = Release|Any CPU
		{765D49C5-D157-4482-9E42-CE93D83F9AD1}.Debug|Any CPU.ActiveCfg = Debug|Any CPU
		{765D49C5-D157-4482-9E42-CE93D83F9AD1}.Debug|Any CPU.Build.0 = Debug|Any CPU
		{765D49C5-D157-4482-9E42-CE93D83F9AD1}.Release|Any CPU.ActiveCfg = Release|Any CPU
		{765D49C5-D157-4482-9E42-CE93D83F9AD1}.Release|Any CPU.Build.0 = Release|Any CPU
		{531E8C46-6FA1-4B25-AF6F-10BB9FF7326D}.Debug|Any CPU.ActiveCfg = Debug|Any CPU
		{531E8C46-6FA1-4B25-AF6F-10BB9FF7326D}.Debug|Any CPU.Build.0 = Debug|Any CPU
		{531E8C46-6FA1-4B25-AF6F-10BB9FF7326D}.Release|Any CPU.ActiveCfg = Release|Any CPU
		{531E8C46-6FA1-4B25-AF6F-10BB9FF7326D}.Release|Any CPU.Build.0 = Release|Any CPU
		{22245733-2B6B-4BA6-B10B-016061B21DF1}.Debug|Any CPU.ActiveCfg = Debug|Any CPU
		{22245733-2B6B-4BA6-B10B-016061B21DF1}.Debug|Any CPU.Build.0 = Debug|Any CPU
		{22245733-2B6B-4BA6-B10B-016061B21DF1}.Release|Any CPU.ActiveCfg = Release|Any CPU
		{22245733-2B6B-4BA6-B10B-016061B21DF1}.Release|Any CPU.Build.0 = Release|Any CPU
		{C646B987-EA7E-4D82-A930-448DE583FEB3}.Debug|Any CPU.ActiveCfg = Debug|Any CPU
		{C646B987-EA7E-4D82-A930-448DE583FEB3}.Debug|Any CPU.Build.0 = Debug|Any CPU
		{C646B987-EA7E-4D82-A930-448DE583FEB3}.Release|Any CPU.ActiveCfg = Release|Any CPU
		{C646B987-EA7E-4D82-A930-448DE583FEB3}.Release|Any CPU.Build.0 = Release|Any CPU
		{6FA77B7F-E933-4B25-AC4C-99E343B35AC8}.Debug|Any CPU.ActiveCfg = Debug|Any CPU
		{6FA77B7F-E933-4B25-AC4C-99E343B35AC8}.Debug|Any CPU.Build.0 = Debug|Any CPU
		{6FA77B7F-E933-4B25-AC4C-99E343B35AC8}.Release|Any CPU.ActiveCfg = Release|Any CPU
		{6FA77B7F-E933-4B25-AC4C-99E343B35AC8}.Release|Any CPU.Build.0 = Release|Any CPU
		{F58F87A8-B318-43CE-83B7-4C3189C007F3}.Debug|Any CPU.ActiveCfg = Debug|Any CPU
		{F58F87A8-B318-43CE-83B7-4C3189C007F3}.Debug|Any CPU.Build.0 = Debug|Any CPU
		{F58F87A8-B318-43CE-83B7-4C3189C007F3}.Release|Any CPU.ActiveCfg = Release|Any CPU
		{F58F87A8-B318-43CE-83B7-4C3189C007F3}.Release|Any CPU.Build.0 = Release|Any CPU
		{BFAF50DC-4942-46B8-8615-2A0B4CF08AD2}.Debug|Any CPU.ActiveCfg = Debug|Any CPU
		{BFAF50DC-4942-46B8-8615-2A0B4CF08AD2}.Debug|Any CPU.Build.0 = Debug|Any CPU
		{BFAF50DC-4942-46B8-8615-2A0B4CF08AD2}.Release|Any CPU.ActiveCfg = Release|Any CPU
		{BFAF50DC-4942-46B8-8615-2A0B4CF08AD2}.Release|Any CPU.Build.0 = Release|Any CPU
		{D7A6F4FD-B9F4-4E47-96A4-1066351B016F}.Debug|Any CPU.Build.0 = Debug|Any CPU
		{D7A6F4FD-B9F4-4E47-96A4-1066351B016F}.Debug|Any CPU.ActiveCfg = Debug|Any CPU
		{D7A6F4FD-B9F4-4E47-96A4-1066351B016F}.Release|Any CPU.Build.0 = Release|Any CPU
		{D7A6F4FD-B9F4-4E47-96A4-1066351B016F}.Release|Any CPU.ActiveCfg = Release|Any CPU
	EndGlobalSection
	GlobalSection(SolutionProperties) = preSolution
		HideSolutionNode = FALSE
	EndGlobalSection
	GlobalSection(NestedProjects) = preSolution
		{59E2469C-197F-4A4C-9D52-AA58EA49927E} = {2437C3BE-A8B4-46EE-97D7-DD59568B84EF}
		{1A7BCB9F-5DD2-4C16-9969-88C31720865F} = {2437C3BE-A8B4-46EE-97D7-DD59568B84EF}
		{2DEF9F9D-DED2-4572-881D-6E018AEE957F} = {2437C3BE-A8B4-46EE-97D7-DD59568B84EF}
		{527BB23D-A674-4147-B58D-DCC894737140} = {2437C3BE-A8B4-46EE-97D7-DD59568B84EF}
		{765D49C5-D157-4482-9E42-CE93D83F9AD1} = {2437C3BE-A8B4-46EE-97D7-DD59568B84EF}
		{531E8C46-6FA1-4B25-AF6F-10BB9FF7326D} = {2437C3BE-A8B4-46EE-97D7-DD59568B84EF}
		{22245733-2B6B-4BA6-B10B-016061B21DF1} = {2437C3BE-A8B4-46EE-97D7-DD59568B84EF}
		{C646B987-EA7E-4D82-A930-448DE583FEB3} = {2437C3BE-A8B4-46EE-97D7-DD59568B84EF}
		{6FA77B7F-E933-4B25-AC4C-99E343B35AC8} = {2437C3BE-A8B4-46EE-97D7-DD59568B84EF}
		{F58F87A8-B318-43CE-83B7-4C3189C007F3} = {2437C3BE-A8B4-46EE-97D7-DD59568B84EF}
		{D7A6F4FD-B9F4-4E47-96A4-1066351B016F} = {2437C3BE-A8B4-46EE-97D7-DD59568B84EF}
	EndGlobalSection
EndGlobal
